
Microsoft Visual Studio Solution File, Format Version 11.00
# Visual Studio 2010
Project("{FAE04EC0-301F-11D3-BF4B-00C04F79EFBC}") = "Apothecarious", "Assembly-CSharp-firstpass.csproj", "{9A33C725-DA88-4AEE-0147-4745C653762F}"
EndProject
Project("{FAE04EC0-301F-11D3-BF4B-00C04F79EFBC}") = "Apothecarious", "Assembly-CSharp.csproj", "{F77B73F9-42A7-98C1-D261-A92C7187BFC0}"
EndProject
Project("{FAE04EC0-301F-11D3-BF4B-00C04F79EFBC}") = "Apothecarious", "Assembly-CSharp-Editor-firstpass.csproj", "{A5E7BA5C-963D-10D4-DDDC-72149BDF0D39}"
EndProject
Global
	GlobalSection(SolutionConfigurationPlatforms) = preSolution
		Debug|Any CPU = Debug|Any CPU
		Release|Any CPU = Release|Any CPU
	EndGlobalSection
	GlobalSection(ProjectConfigurationPlatforms) = postSolution
		{9A33C725-DA88-4AEE-0147-4745C653762F}.Debug|Any CPU.ActiveCfg = Debug|Any CPU
		{9A33C725-DA88-4AEE-0147-4745C653762F}.Debug|Any CPU.Build.0 = Debug|Any CPU
		{9A33C725-DA88-4AEE-0147-4745C653762F}.Release|Any CPU.ActiveCfg = Release|Any CPU
		{9A33C725-DA88-4AEE-0147-4745C653762F}.Release|Any CPU.Build.0 = Release|Any CPU
		{F77B73F9-42A7-98C1-D261-A92C7187BFC0}.Debug|Any CPU.ActiveCfg = Debug|Any CPU
		{F77B73F9-42A7-98C1-D261-A92C7187BFC0}.Debug|Any CPU.Build.0 = Debug|Any CPU
		{F77B73F9-42A7-98C1-D261-A92C7187BFC0}.Release|Any CPU.ActiveCfg = Release|Any CPU
		{F77B73F9-42A7-98C1-D261-A92C7187BFC0}.Release|Any CPU.Build.0 = Release|Any CPU
		{A5E7BA5C-963D-10D4-DDDC-72149BDF0D39}.Debug|Any CPU.ActiveCfg = Debug|Any CPU
		{A5E7BA5C-963D-10D4-DDDC-72149BDF0D39}.Debug|Any CPU.Build.0 = Debug|Any CPU
		{A5E7BA5C-963D-10D4-DDDC-72149BDF0D39}.Release|Any CPU.ActiveCfg = Release|Any CPU
		{A5E7BA5C-963D-10D4-DDDC-72149BDF0D39}.Release|Any CPU.Build.0 = Release|Any CPU
	EndGlobalSection
	GlobalSection(SolutionProperties) = preSolution
		HideSolutionNode = FALSE
	EndGlobalSection
	GlobalSection(MonoDevelopProperties) = preSolution
		StartupItem = Assembly-CSharp.csproj
	EndGlobalSection
EndGlobal
